
Microsoft Visual Studio Solution File, Format Version 12.00
# Visual Studio Version 17
VisualStudioVersion = 17.14.36203.30
MinimumVisualStudioVersion = 10.0.40219.1
Project("{FAE04EC0-301F-11D3-BF4B-00C04F79EFBC}") = "CodeiumSample", "..\CodeiumSample\CodeiumSample.csproj", "{0D113191-1B4D-4936-B7A6-B37238BABA9C}"
EndProject
Global
	GlobalSection(SolutionConfigurationPlatforms) = preSolution
		Debug|Any CPU = Debug|Any CPU
		Release|Any CPU = Release|Any CPU
	EndGlobalSection
	GlobalSection(ProjectConfigurationPlatforms) = postSolution
		{0D113191-1B4D-4936-B7A6-B37238BABA9C}.Debug|Any CPU.ActiveCfg = Debug|Any CPU
		{0D113191-1B4D-4936-B7A6-B37238BABA9C}.Debug|Any CPU.Build.0 = Debug|Any CPU
		{0D113191-1B4D-4936-B7A6-B37238BABA9C}.Release|Any CPU.ActiveCfg = Release|Any CPU
		{0D113191-1B4D-4936-B7A6-B37238BABA9C}.Release|Any CPU.Build.0 = Release|Any CPU
	EndGlobalSection
	GlobalSection(SolutionProperties) = preSolution
		HideSolutionNode = FALSE
	EndGlobalSection
	GlobalSection(ExtensibilityGlobals) = postSolution
		SolutionGuid = {2F73D3E7-1D6B-4A1F-9758-59AD8D9AD9FC}
	EndGlobalSection
EndGlobal
