
Microsoft Visual Studio Solution File, Format Version 12.00
# Visual Studio Version 17
VisualStudioVersion = 17.14.36203.30 d17.14
MinimumVisualStudioVersion = 10.0.40219.1
Project("{FAE04EC0-301F-11D3-BF4B-00C04F79EFBC}") = "CodeiumSample", "CodeiumSample.csproj", "{73BD9A10-6CCB-37C8-2043-79D263561DBE}"
EndProject
Global
	GlobalSection(SolutionConfigurationPlatforms) = preSolution
		Debug|Any CPU = Debug|Any CPU
		Release|Any CPU = Release|Any CPU
	EndGlobalSection
	GlobalSection(ProjectConfigurationPlatforms) = postSolution
		{73BD9A10-6CCB-37C8-2043-79D263561DBE}.Debug|Any CPU.ActiveCfg = Debug|Any CPU
		{73BD9A10-6CCB-37C8-2043-79D263561DBE}.Debug|Any CPU.Build.0 = Debug|Any CPU
		{73BD9A10-6CCB-37C8-2043-79D263561DBE}.Release|Any CPU.ActiveCfg = Release|Any CPU
		{73BD9A10-6CCB-37C8-2043-79D263561DBE}.Release|Any CPU.Build.0 = Release|Any CPU
	EndGlobalSection
	GlobalSection(SolutionProperties) = preSolution
		HideSolutionNode = FALSE
	EndGlobalSection
	GlobalSection(ExtensibilityGlobals) = postSolution
		SolutionGuid = {0CCEC223-42A1-485E-A27C-CC09651B528D}
	EndGlobalSection
EndGlobal
