
Microsoft Visual Studio Solution File, Format Version 12.00
# Visual Studio Version 17
VisualStudioVersion = 17.14.36203.30 d17.14
MinimumVisualStudioVersion = 10.0.40219.1
Project("{FAE04EC0-301F-11D3-BF4B-00C04F79EFBC}") = "OptimizedDemoApi", "OptimizedDemoApi.csproj", "{BE24B827-9164-377E-14A9-77904AE60BA7}"
EndProject
Global
	GlobalSection(SolutionConfigurationPlatforms) = preSolution
		Debug|Any CPU = Debug|Any CPU
		Release|Any CPU = Release|Any CPU
	EndGlobalSection
	GlobalSection(ProjectConfigurationPlatforms) = postSolution
		{BE24B827-9164-377E-14A9-77904AE60BA7}.Debug|Any CPU.ActiveCfg = Debug|Any CPU
		{BE24B827-9164-377E-14A9-77904AE60BA7}.Debug|Any CPU.Build.0 = Debug|Any CPU
		{BE24B827-9164-377E-14A9-77904AE60BA7}.Release|Any CPU.ActiveCfg = Release|Any CPU
		{BE24B827-9164-377E-14A9-77904AE60BA7}.Release|Any CPU.Build.0 = Release|Any CPU
	EndGlobalSection
	GlobalSection(SolutionProperties) = preSolution
		HideSolutionNode = FALSE
	EndGlobalSection
	GlobalSection(ExtensibilityGlobals) = postSolution
		SolutionGuid = {8C6DA2EC-7221-4777-AFC5-5E0A01971B27}
	EndGlobalSection
EndGlobal
